
Microsoft Visual Studio Solution File, Format Version 12.00
# Visual Studio Version 16
VisualStudioVersion = 16.0.29215.179
MinimumVisualStudioVersion = 10.0.40219.1
Project("{FAE04EC0-301F-11D3-BF4B-00C04F79EFBC}") = "1", "1\1.csproj", "{A9E5A17E-19A1-46C0-8160-96095F059A7B}"
EndProject
Global
	GlobalSection(SolutionConfigurationPlatforms) = preSolution
		Debug|Any CPU = Debug|Any CPU
		Release|Any CPU = Release|Any CPU
	EndGlobalSection
	GlobalSection(ProjectConfigurationPlatforms) = postSolution
		{A9E5A17E-19A1-46C0-8160-96095F059A7B}.Debug|Any CPU.ActiveCfg = Debug|Any CPU
		{A9E5A17E-19A1-46C0-8160-96095F059A7B}.Debug|Any CPU.Build.0 = Debug|Any CPU
		{A9E5A17E-19A1-46C0-8160-96095F059A7B}.Release|Any CPU.ActiveCfg = Release|Any CPU
		{A9E5A17E-19A1-46C0-8160-96095F059A7B}.Release|Any CPU.Build.0 = Release|Any CPU
	EndGlobalSection
	GlobalSection(SolutionProperties) = preSolution
		HideSolutionNode = FALSE
	EndGlobalSection
	GlobalSection(ExtensibilityGlobals) = postSolution
		SolutionGuid = {C99672A9-BCF8-4A72-8A5C-500432F90C3D}
	EndGlobalSection
EndGlobal
